
Microsoft Visual Studio Solution File, Format Version 12.00
# Visual Studio Version 17
VisualStudioVersion = 17.11.35312.102
MinimumVisualStudioVersion = 10.0.40219.1
Project("{FAE04EC0-301F-11D3-BF4B-00C04F79EFBC}") = "DemoFhirNexusMultiTenancy", "DemoFhirNexusMultiTenancy\DemoFhirNexusMultiTenancy\DemoFhirNexusMultiTenancy.csproj", "{57DD5B1C-A45F-4D41-9AAC-DE2DB54BBD61}"
EndProject
Global
	GlobalSection(SolutionConfigurationPlatforms) = preSolution
		Debug|Any CPU = Debug|Any CPU
		Release|Any CPU = Release|Any CPU
	EndGlobalSection
	GlobalSection(ProjectConfigurationPlatforms) = postSolution
		{57DD5B1C-A45F-4D41-9AAC-DE2DB54BBD61}.Debug|Any CPU.ActiveCfg = Debug|Any CPU
		{57DD5B1C-A45F-4D41-9AAC-DE2DB54BBD61}.Debug|Any CPU.Build.0 = Debug|Any CPU
		{57DD5B1C-A45F-4D41-9AAC-DE2DB54BBD61}.Release|Any CPU.ActiveCfg = Release|Any CPU
		{57DD5B1C-A45F-4D41-9AAC-DE2DB54BBD61}.Release|Any CPU.Build.0 = Release|Any CPU
	EndGlobalSection
	GlobalSection(SolutionProperties) = preSolution
		HideSolutionNode = FALSE
	EndGlobalSection
	GlobalSection(ExtensibilityGlobals) = postSolution
		SolutionGuid = {E63DEA24-9D0A-4A24-896E-79ED90F6127C}
	EndGlobalSection
EndGlobal
